// !$*UTF8*$!
{
	archiveVersion = 1;
	classes = {
	};
	objectVersion = 46;
	objects = {

/* Begin PBXBuildFile section */
		1CD1B00F40397027BB355021 /* Pods_Chats.framework in Frameworks */ = {isa = PBXBuildFile; fileRef = 0B9994F6B4AEE082CF2AF08B /* Pods_Chats.framework */; };
		AC8126301F308C0A00C22B55 /* MessagesResponse.swift in Sources */ = {isa = PBXBuildFile; fileRef = AC81262F1F308C0A00C22B55 /* MessagesResponse.swift */; };
		AC8126351F30903700C22B55 /* ChannelTableViewCell.swift in Sources */ = {isa = PBXBuildFile; fileRef = AC8126331F30903700C22B55 /* ChannelTableViewCell.swift */; };
		AC8126361F30903700C22B55 /* ChannelTableViewCell.xib in Resources */ = {isa = PBXBuildFile; fileRef = AC8126341F30903700C22B55 /* ChannelTableViewCell.xib */; };
		AC8126381F30922400C22B55 /* Reachability.swift in Sources */ = {isa = PBXBuildFile; fileRef = AC8126371F30922400C22B55 /* Reachability.swift */; };
		AC81263A1F30AB9600C22B55 /* CustomTransform_RealmOptional.swift in Sources */ = {isa = PBXBuildFile; fileRef = AC8126391F30AB9600C22B55 /* CustomTransform_RealmOptional.swift */; };
		ACAD650E1F30762A00857798 /* AppDelegate.swift in Sources */ = {isa = PBXBuildFile; fileRef = ACAD650D1F30762A00857798 /* AppDelegate.swift */; };
		ACAD65101F30762A00857798 /* ChatsViewController.swift in Sources */ = {isa = PBXBuildFile; fileRef = ACAD650F1F30762A00857798 /* ChatsViewController.swift */; };
		ACAD65131F30762A00857798 /* Main.storyboard in Resources */ = {isa = PBXBuildFile; fileRef = ACAD65111F30762A00857798 /* Main.storyboard */; };
		ACAD65151F30762A00857798 /* Assets.xcassets in Resources */ = {isa = PBXBuildFile; fileRef = ACAD65141F30762A00857798 /* Assets.xcassets */; };
		ACAD65181F30762A00857798 /* LaunchScreen.storyboard in Resources */ = {isa = PBXBuildFile; fileRef = ACAD65161F30762A00857798 /* LaunchScreen.storyboard */; };
		ACAD65201F307D8300857798 /* ServerAPI.swift in Sources */ = {isa = PBXBuildFile; fileRef = ACAD651F1F307D8300857798 /* ServerAPI.swift */; };
		ACAD65231F307E3E00857798 /* Channel.swift in Sources */ = {isa = PBXBuildFile; fileRef = ACAD65221F307E3E00857798 /* Channel.swift */; };
		ACAD65251F307EAA00857798 /* User.swift in Sources */ = {isa = PBXBuildFile; fileRef = ACAD65241F307EAA00857798 /* User.swift */; };
		ACAD65271F307EB100857798 /* Message.swift in Sources */ = {isa = PBXBuildFile; fileRef = ACAD65261F307EB100857798 /* Message.swift */; };
		ACAD652A1F30809700857798 /* ChannelsResponse.swift in Sources */ = {isa = PBXBuildFile; fileRef = ACAD65291F30809700857798 /* ChannelsResponse.swift */; };
		ACAD652C1F30832100857798 /* ISO8601ExtendedDateTransform.swift in Sources */ = {isa = PBXBuildFile; fileRef = ACAD652B1F30832100857798 /* ISO8601ExtendedDateTransform.swift */; };
/* End PBXBuildFile section */

/* Begin PBXFileReference section */
		0B9994F6B4AEE082CF2AF08B /* Pods_Chats.framework */ = {isa = PBXFileReference; explicitFileType = wrapper.framework; includeInIndex = 0; path = Pods_Chats.framework; sourceTree = BUILT_PRODUCTS_DIR; };
		2BC83E478658A78105196CDC /* Pods-Chats.debug.xcconfig */ = {isa = PBXFileReference; includeInIndex = 1; lastKnownFileType = text.xcconfig; name = "Pods-Chats.debug.xcconfig"; path = "Pods/Target Support Files/Pods-Chats/Pods-Chats.debug.xcconfig"; sourceTree = "<group>"; };
		2CAADCB9143D491068C72EA8 /* Pods-Chats.release.xcconfig */ = {isa = PBXFileReference; includeInIndex = 1; lastKnownFileType = text.xcconfig; name = "Pods-Chats.release.xcconfig"; path = "Pods/Target Support Files/Pods-Chats/Pods-Chats.release.xcconfig"; sourceTree = "<group>"; };
		AC81262F1F308C0A00C22B55 /* MessagesResponse.swift */ = {isa = PBXFileReference; fileEncoding = 4; lastKnownFileType = sourcecode.swift; path = MessagesResponse.swift; sourceTree = "<group>"; };
		AC8126331F30903700C22B55 /* ChannelTableViewCell.swift */ = {isa = PBXFileReference; fileEncoding = 4; lastKnownFileType = sourcecode.swift; path = ChannelTableViewCell.swift; sourceTree = "<group>"; };
		AC8126341F30903700C22B55 /* ChannelTableViewCell.xib */ = {isa = PBXFileReference; fileEncoding = 4; lastKnownFileType = file.xib; path = ChannelTableViewCell.xib; sourceTree = "<group>"; };
		AC8126371F30922400C22B55 /* Reachability.swift */ = {isa = PBXFileReference; fileEncoding = 4; lastKnownFileType = sourcecode.swift; path = Reachability.swift; sourceTree = "<group>"; };
		AC8126391F30AB9600C22B55 /* CustomTransform_RealmOptional.swift */ = {isa = PBXFileReference; fileEncoding = 4; lastKnownFileType = sourcecode.swift; path = CustomTransform_RealmOptional.swift; sourceTree = "<group>"; };
		ACAD650A1F30762A00857798 /* Chats.app */ = {isa = PBXFileReference; explicitFileType = wrapper.application; includeInIndex = 0; path = Chats.app; sourceTree = BUILT_PRODUCTS_DIR; };
		ACAD650D1F30762A00857798 /* AppDelegate.swift */ = {isa = PBXFileReference; lastKnownFileType = sourcecode.swift; path = AppDelegate.swift; sourceTree = "<group>"; };
		ACAD650F1F30762A00857798 /* ChatsViewController.swift */ = {isa = PBXFileReference; lastKnownFileType = sourcecode.swift; path = ChatsViewController.swift; sourceTree = "<group>"; };
		ACAD65121F30762A00857798 /* Base */ = {isa = PBXFileReference; lastKnownFileType = file.storyboard; name = Base; path = Base.lproj/Main.storyboard; sourceTree = "<group>"; };
		ACAD65141F30762A00857798 /* Assets.xcassets */ = {isa = PBXFileReference; lastKnownFileType = folder.assetcatalog; path = Assets.xcassets; sourceTree = "<group>"; };
		ACAD65171F30762A00857798 /* Base */ = {isa = PBXFileReference; lastKnownFileType = file.storyboard; name = Base; path = Base.lproj/LaunchScreen.storyboard; sourceTree = "<group>"; };
		ACAD65191F30762A00857798 /* Info.plist */ = {isa = PBXFileReference; lastKnownFileType = text.plist.xml; path = Info.plist; sourceTree = "<group>"; };
		ACAD651F1F307D8300857798 /* ServerAPI.swift */ = {isa = PBXFileReference; fileEncoding = 4; lastKnownFileType = sourcecode.swift; path = ServerAPI.swift; sourceTree = "<group>"; };
		ACAD65221F307E3E00857798 /* Channel.swift */ = {isa = PBXFileReference; fileEncoding = 4; lastKnownFileType = sourcecode.swift; path = Channel.swift; sourceTree = "<group>"; };
		ACAD65241F307EAA00857798 /* User.swift */ = {isa = PBXFileReference; fileEncoding = 4; lastKnownFileType = sourcecode.swift; path = User.swift; sourceTree = "<group>"; };
		ACAD65261F307EB100857798 /* Message.swift */ = {isa = PBXFileReference; fileEncoding = 4; lastKnownFileType = sourcecode.swift; path = Message.swift; sourceTree = "<group>"; };
		ACAD65291F30809700857798 /* ChannelsResponse.swift */ = {isa = PBXFileReference; fileEncoding = 4; lastKnownFileType = sourcecode.swift; path = ChannelsResponse.swift; sourceTree = "<group>"; };
		ACAD652B1F30832100857798 /* ISO8601ExtendedDateTransform.swift */ = {isa = PBXFileReference; fileEncoding = 4; lastKnownFileType = sourcecode.swift; path = ISO8601ExtendedDateTransform.swift; sourceTree = "<group>"; };
/* End PBXFileReference section */

/* Begin PBXFrameworksBuildPhase section */
		ACAD65071F30762A00857798 /* Frameworks */ = {
			isa = PBXFrameworksBuildPhase;
			buildActionMask = 2147483647;
			files = (
				1CD1B00F40397027BB355021 /* Pods_Chats.framework in Frameworks */,
			);
			runOnlyForDeploymentPostprocessing = 0;
		};
/* End PBXFrameworksBuildPhase section */

/* Begin PBXGroup section */
		09BFF9CCA18302D2E8668F04 /* Frameworks */ = {
			isa = PBXGroup;
			children = (
				0B9994F6B4AEE082CF2AF08B /* Pods_Chats.framework */,
			);
			name = Frameworks;
			sourceTree = "<group>";
		};
		AC8126311F308C8100C22B55 /* Extensions */ = {
			isa = PBXGroup;
			children = (
				ACAD652B1F30832100857798 /* ISO8601ExtendedDateTransform.swift */,
				AC8126391F30AB9600C22B55 /* CustomTransform_RealmOptional.swift */,
			);
			name = Extensions;
			sourceTree = "<group>";
		};
		AC8126321F308C8D00C22B55 /* Responses */ = {
			isa = PBXGroup;
			children = (
				ACAD65291F30809700857798 /* ChannelsResponse.swift */,
				AC81262F1F308C0A00C22B55 /* MessagesResponse.swift */,
			);
			name = Responses;
			sourceTree = "<group>";
		};
		ACAD65011F30762900857798 = {
			isa = PBXGroup;
			children = (
				ACAD650C1F30762A00857798 /* Chats */,
				ACAD650B1F30762A00857798 /* Products */,
				E0B7AB7CB19FFB4CDE8DDC38 /* Pods */,
				09BFF9CCA18302D2E8668F04 /* Frameworks */,
			);
			sourceTree = "<group>";
		};
		ACAD650B1F30762A00857798 /* Products */ = {
			isa = PBXGroup;
			children = (
				ACAD650A1F30762A00857798 /* Chats.app */,
			);
			name = Products;
			sourceTree = "<group>";
		};
		ACAD650C1F30762A00857798 /* Chats */ = {
			isa = PBXGroup;
			children = (
				ACAD65211F307E1F00857798 /* Model */,
				ACAD650D1F30762A00857798 /* AppDelegate.swift */,
				ACAD650F1F30762A00857798 /* ChatsViewController.swift */,
				ACAD65111F30762A00857798 /* Main.storyboard */,
				ACAD65141F30762A00857798 /* Assets.xcassets */,
				ACAD65161F30762A00857798 /* LaunchScreen.storyboard */,
				ACAD65191F30762A00857798 /* Info.plist */,
				ACAD65281F30808400857798 /* API */,
				AC8126331F30903700C22B55 /* ChannelTableViewCell.swift */,
				AC8126341F30903700C22B55 /* ChannelTableViewCell.xib */,
			);
			path = Chats;
			sourceTree = "<group>";
		};
		ACAD65211F307E1F00857798 /* Model */ = {
			isa = PBXGroup;
			children = (
				ACAD65221F307E3E00857798 /* Channel.swift */,
				ACAD65241F307EAA00857798 /* User.swift */,
				ACAD65261F307EB100857798 /* Message.swift */,
			);
			name = Model;
			sourceTree = "<group>";
		};
		ACAD65281F30808400857798 /* API */ = {
			isa = PBXGroup;
			children = (
				ACAD651F1F307D8300857798 /* ServerAPI.swift */,
				AC8126321F308C8D00C22B55 /* Responses */,
				AC8126311F308C8100C22B55 /* Extensions */,
				AC8126371F30922400C22B55 /* Reachability.swift */,
			);
			name = API;
			sourceTree = "<group>";
		};
		E0B7AB7CB19FFB4CDE8DDC38 /* Pods */ = {
			isa = PBXGroup;
			children = (
				2BC83E478658A78105196CDC /* Pods-Chats.debug.xcconfig */,
				2CAADCB9143D491068C72EA8 /* Pods-Chats.release.xcconfig */,
			);
			name = Pods;
			sourceTree = "<group>";
		};
/* End PBXGroup section */

/* Begin PBXNativeTarget section */
		ACAD65091F30762A00857798 /* Chats */ = {
			isa = PBXNativeTarget;
			buildConfigurationList = ACAD651C1F30762A00857798 /* Build configuration list for PBXNativeTarget "Chats" */;
			buildPhases = (
				3E04E274ABD2DD9D591FCEF3 /* [CP] Check Pods Manifest.lock */,
				ACAD65061F30762A00857798 /* Sources */,
				ACAD65071F30762A00857798 /* Frameworks */,
				ACAD65081F30762A00857798 /* Resources */,
				E7F488050631345AED2B0079 /* [CP] Embed Pods Frameworks */,
				EBC24B18CDD58B0FCF1B15BF /* [CP] Copy Pods Resources */,
			);
			buildRules = (
			);
			dependencies = (
			);
			name = Chats;
			productName = Chats;
			productReference = ACAD650A1F30762A00857798 /* Chats.app */;
			productType = "com.apple.product-type.application";
		};
/* End PBXNativeTarget section */

/* Begin PBXProject section */
		ACAD65021F30762900857798 /* Project object */ = {
			isa = PBXProject;
			attributes = {
				LastSwiftUpdateCheck = 0830;
				LastUpgradeCheck = 0830;
				ORGANIZATIONNAME = "Artem Tverdokhlebov";
				TargetAttributes = {
					ACAD65091F30762A00857798 = {
						CreatedOnToolsVersion = 8.3.3;
						DevelopmentTeam = G6CFUV5Q49;
						ProvisioningStyle = Automatic;
					};
				};
			};
			buildConfigurationList = ACAD65051F30762A00857798 /* Build configuration list for PBXProject "Chats" */;
			compatibilityVersion = "Xcode 3.2";
			developmentRegion = English;
			hasScannedForEncodings = 0;
			knownRegions = (
				en,
				Base,
			);
			mainGroup = ACAD65011F30762900857798;
			productRefGroup = ACAD650B1F30762A00857798 /* Products */;
			projectDirPath = "";
			projectRoot = "";
			targets = (
				ACAD65091F30762A00857798 /* Chats */,
			);
		};
/* End PBXProject section */

/* Begin PBXResourcesBuildPhase section */
		ACAD65081F30762A00857798 /* Resources */ = {
			isa = PBXResourcesBuildPhase;
			buildActionMask = 2147483647;
			files = (
				ACAD65181F30762A00857798 /* LaunchScreen.storyboard in Resources */,
				AC8126361F30903700C22B55 /* ChannelTableViewCell.xib in Resources */,
				ACAD65151F30762A00857798 /* Assets.xcassets in Resources */,
				ACAD65131F30762A00857798 /* Main.storyboard in Resources */,
			);
			runOnlyForDeploymentPostprocessing = 0;
		};
/* End PBXResourcesBuildPhase section */

/* Begin PBXShellScriptBuildPhase section */
		3E04E274ABD2DD9D591FCEF3 /* [CP] Check Pods Manifest.lock */ = {
			isa = PBXShellScriptBuildPhase;
			buildActionMask = 2147483647;
			files = (
			);
			inputPaths = (
			);
			name = "[CP] Check Pods Manifest.lock";
			outputPaths = (
			);
			runOnlyForDeploymentPostprocessing = 0;
			shellPath = /bin/sh;
			shellScript = "diff \"${PODS_PODFILE_DIR_PATH}/Podfile.lock\" \"${PODS_ROOT}/Manifest.lock\" > /dev/null\nif [ $? != 0 ] ; then\n    # print error to STDERR\n    echo \"error: The sandbox is not in sync with the Podfile.lock. Run 'pod install' or update your CocoaPods installation.\" >&2\n    exit 1\nfi\n";
			showEnvVarsInLog = 0;
		};
		E7F488050631345AED2B0079 /* [CP] Embed Pods Frameworks */ = {
			isa = PBXShellScriptBuildPhase;
			buildActionMask = 2147483647;
			files = (
			);
			inputPaths = (
			);
			name = "[CP] Embed Pods Frameworks";
			outputPaths = (
			);
			runOnlyForDeploymentPostprocessing = 0;
			shellPath = /bin/sh;
			shellScript = "\"${SRCROOT}/Pods/Target Support Files/Pods-Chats/Pods-Chats-frameworks.sh\"\n";
			showEnvVarsInLog = 0;
		};
		EBC24B18CDD58B0FCF1B15BF /* [CP] Copy Pods Resources */ = {
			isa = PBXShellScriptBuildPhase;
			buildActionMask = 2147483647;
			files = (
			);
			inputPaths = (
			);
			name = "[CP] Copy Pods Resources";
			outputPaths = (
			);
			runOnlyForDeploymentPostprocessing = 0;
			shellPath = /bin/sh;
			shellScript = "\"${SRCROOT}/Pods/Target Support Files/Pods-Chats/Pods-Chats-resources.sh\"\n";
			showEnvVarsInLog = 0;
		};
/* End PBXShellScriptBuildPhase section */

/* Begin PBXSourcesBuildPhase section */
		ACAD65061F30762A00857798 /* Sources */ = {
			isa = PBXSourcesBuildPhase;
			buildActionMask = 2147483647;
			files = (
				ACAD65101F30762A00857798 /* ChatsViewController.swift in Sources */,
				ACAD65231F307E3E00857798 /* Channel.swift in Sources */,
				AC8126381F30922400C22B55 /* Reachability.swift in Sources */,
				ACAD65201F307D8300857798 /* ServerAPI.swift in Sources */,
				ACAD652A1F30809700857798 /* ChannelsResponse.swift in Sources */,
				AC8126351F30903700C22B55 /* ChannelTableViewCell.swift in Sources */,
				ACAD65271F307EB100857798 /* Message.swift in Sources */,
				AC81263A1F30AB9600C22B55 /* CustomTransform_RealmOptional.swift in Sources */,
				ACAD652C1F30832100857798 /* ISO8601ExtendedDateTransform.swift in Sources */,
				AC8126301F308C0A00C22B55 /* MessagesResponse.swift in Sources */,
				ACAD65251F307EAA00857798 /* User.swift in Sources */,
				ACAD650E1F30762A00857798 /* AppDelegate.swift in Sources */,
			);
			runOnlyForDeploymentPostprocessing = 0;
		};
/* End PBXSourcesBuildPhase section */

/* Begin PBXVariantGroup section */
		ACAD65111F30762A00857798 /* Main.storyboard */ = {
			isa = PBXVariantGroup;
			children = (
				ACAD65121F30762A00857798 /* Base */,
			);
			name = Main.storyboard;
			sourceTree = "<group>";
		};
		ACAD65161F30762A00857798 /* LaunchScreen.storyboard */ = {
			isa = PBXVariantGroup;
			children = (
				ACAD65171F30762A00857798 /* Base */,
			);
			name = LaunchScreen.storyboard;
			sourceTree = "<group>";
		};
/* End PBXVariantGroup section */

/* Begin XCBuildConfiguration section */
		ACAD651A1F30762A00857798 /* Debug */ = {
			isa = XCBuildConfiguration;
			buildSettings = {
				ALWAYS_SEARCH_USER_PATHS = NO;
				CLANG_ANALYZER_NONNULL = YES;
				CLANG_ANALYZER_NUMBER_OBJECT_CONVERSION = YES_AGGRESSIVE;
				CLANG_CXX_LANGUAGE_STANDARD = "gnu++0x";
				CLANG_CXX_LIBRARY = "libc++";
				CLANG_ENABLE_MODULES = YES;
				CLANG_ENABLE_OBJC_ARC = YES;
				CLANG_WARN_BOOL_CONVERSION = YES;
				CLANG_WARN_CONSTANT_CONVERSION = YES;
				CLANG_WARN_DIRECT_OBJC_ISA_USAGE = YES_ERROR;
				CLANG_WARN_DOCUMENTATION_COMMENTS = YES;
				CLANG_WARN_EMPTY_BODY = YES;
				CLANG_WARN_ENUM_CONVERSION = YES;
				CLANG_WARN_INFINITE_RECURSION = YES;
				CLANG_WARN_INT_CONVERSION = YES;
				CLANG_WARN_OBJC_ROOT_CLASS = YES_ERROR;
				CLANG_WARN_SUSPICIOUS_MOVE = YES;
				CLANG_WARN_UNREACHABLE_CODE = YES;
				CLANG_WARN__DUPLICATE_METHOD_MATCH = YES;
				"CODE_SIGN_IDENTITY[sdk=iphoneos*]" = "iPhone Developer";
				COPY_PHASE_STRIP = NO;
				DEBUG_INFORMATION_FORMAT = dwarf;
				ENABLE_STRICT_OBJC_MSGSEND = YES;
				ENABLE_TESTABILITY = YES;
				GCC_C_LANGUAGE_STANDARD = gnu99;
				GCC_DYNAMIC_NO_PIC = NO;
				GCC_NO_COMMON_BLOCKS = YES;
				GCC_OPTIMIZATION_LEVEL = 0;
				GCC_PREPROCESSOR_DEFINITIONS = (
					"DEBUG=1",
					"$(inherited)",
				);
				GCC_WARN_64_TO_32_BIT_CONVERSION = YES;
				GCC_WARN_ABOUT_RETURN_TYPE = YES_ERROR;
				GCC_WARN_UNDECLARED_SELECTOR = YES;
				GCC_WARN_UNINITIALIZED_AUTOS = YES_AGGRESSIVE;
				GCC_WARN_UNUSED_FUNCTION = YES;
				GCC_WARN_UNUSED_VARIABLE = YES;
				IPHONEOS_DEPLOYMENT_TARGET = 10.3;
				MTL_ENABLE_DEBUG_INFO = YES;
				ONLY_ACTIVE_ARCH = YES;
				SDKROOT = iphoneos;
				SWIFT_ACTIVE_COMPILATION_CONDITIONS = DEBUG;
				SWIFT_OPTIMIZATION_LEVEL = "-Onone";
			};
			name = Debug;
		};
		ACAD651B1F30762A00857798 /* Release */ = {
			isa = XCBuildConfiguration;
			buildSettings = {
				ALWAYS_SEARCH_USER_PATHS = NO;
				CLANG_ANALYZER_NONNULL = YES;
				CLANG_ANALYZER_NUMBER_OBJECT_CONVERSION = YES_AGGRESSIVE;
				CLANG_CXX_LANGUAGE_STANDARD = "gnu++0x";
				CLANG_CXX_LIBRARY = "libc++";
				CLANG_ENABLE_MODULES = YES;
				CLANG_ENABLE_OBJC_ARC = YES;
				CLANG_WARN_BOOL_CONVERSION = YES;
				CLANG_WARN_CONSTANT_CONVERSION = YES;
				CLANG_WARN_DIRECT_OBJC_ISA_USAGE = YES_ERROR;
				CLANG_WARN_DOCUMENTATION_COMMENTS = YES;
				CLANG_WARN_EMPTY_BODY = YES;
				CLANG_WARN_ENUM_CONVERSION = YES;
				CLANG_WARN_INFINITE_RECURSION = YES;
				CLANG_WARN_INT_CONVERSION = YES;
				CLANG_WARN_OBJC_ROOT_CLASS = YES_ERROR;
				CLANG_WARN_SUSPICIOUS_MOVE = YES;
				CLANG_WARN_UNREACHABLE_CODE = YES;
				CLANG_WARN__DUPLICATE_METHOD_MATCH = YES;
				"CODE_SIGN_IDENTITY[sdk=iphoneos*]" = "iPhone Developer";
				COPY_PHASE_STRIP = NO;
				DEBUG_INFORMATION_FORMAT = "dwarf-with-dsym";
				ENABLE_NS_ASSERTIONS = NO;
				ENABLE_STRICT_OBJC_MSGSEND = YES;
				GCC_C_LANGUAGE_STANDARD = gnu99;
				GCC_NO_COMMON_BLOCKS = YES;
				GCC_WARN_64_TO_32_BIT_CONVERSION = YES;
				GCC_WARN_ABOUT_RETURN_TYPE = YES_ERROR;
				GCC_WARN_UNDECLARED_SELECTOR = YES;
				GCC_WARN_UNINITIALIZED_AUTOS = YES_AGGRESSIVE;
				GCC_WARN_UNUSED_FUNCTION = YES;
				GCC_WARN_UNUSED_VARIABLE = YES;
				IPHONEOS_DEPLOYMENT_TARGET = 10.3;
				MTL_ENABLE_DEBUG_INFO = NO;
				SDKROOT = iphoneos;
				SWIFT_OPTIMIZATION_LEVEL = "-Owholemodule";
				VALIDATE_PRODUCT = YES;
			};
			name = Release;
		};
		ACAD651D1F30762A00857798 /* Debug */ = {
			isa = XCBuildConfiguration;
			baseConfigurationReference = 2BC83E478658A78105196CDC /* Pods-Chats.debug.xcconfig */;
			buildSettings = {
				ASSETCATALOG_COMPILER_APPICON_NAME = AppIcon;
				DEVELOPMENT_TEAM = G6CFUV5Q49;
				INFOPLIST_FILE = Chats/Info.plist;
				LD_RUNPATH_SEARCH_PATHS = "$(inherited) @executable_path/Frameworks";
				PRODUCT_BUNDLE_IDENTIFIER = com.artem10919.Chats;
				PRODUCT_NAME = "$(TARGET_NAME)";
				SWIFT_VERSION = 3.0;
			};
			name = Debug;
		};
		ACAD651E1F30762A00857798 /* Release */ = {
			isa = XCBuildConfiguration;
			baseConfigurationReference = 2CAADCB9143D491068C72EA8 /* Pods-Chats.release.xcconfig */;
			buildSettings = {
				ASSETCATALOG_COMPILER_APPICON_NAME = AppIcon;
				DEVELOPMENT_TEAM = G6CFUV5Q49;
				INFOPLIST_FILE = Chats/Info.plist;
				LD_RUNPATH_SEARCH_PATHS = "$(inherited) @executable_path/Frameworks";
				PRODUCT_BUNDLE_IDENTIFIER = com.artem10919.Chats;
				PRODUCT_NAME = "$(TARGET_NAME)";
				SWIFT_VERSION = 3.0;
			};
			name = Release;
		};
/* End XCBuildConfiguration section */

/* Begin XCConfigurationList section */
		ACAD65051F30762A00857798 /* Build configuration list for PBXProject "Chats" */ = {
			isa = XCConfigurationList;
			buildConfigurations = (
				ACAD651A1F30762A00857798 /* Debug */,
				ACAD651B1F30762A00857798 /* Release */,
			);
			defaultConfigurationIsVisible = 0;
			defaultConfigurationName = Release;
		};
		ACAD651C1F30762A00857798 /* Build configuration list for PBXNativeTarget "Chats" */ = {
			isa = XCConfigurationList;
			buildConfigurations = (
				ACAD651D1F30762A00857798 /* Debug */,
				ACAD651E1F30762A00857798 /* Release */,
			);
			defaultConfigurationIsVisible = 0;
			defaultConfigurationName = Release;
		};
/* End XCConfigurationList section */
	};
	rootObject = ACAD65021F30762900857798 /* Project object */;
}
